
Microsoft Visual Studio Solution File, Format Version 12.00
# Visual Studio Version 17
VisualStudioVersion = 17.14.36408.4 d17.14
MinimumVisualStudioVersion = 10.0.40219.1
Project("{FAE04EC0-301F-11D3-BF4B-00C04F79EFBC}") = "InteractiveExamSystem", "InteractiveExamSystem\InteractiveExamSystem.csproj", "{44632327-1AD4-431B-AFFF-F9AA4347DA89}"
EndProject
Global
	GlobalSection(SolutionConfigurationPlatforms) = preSolution
		Debug|Any CPU = Debug|Any CPU
		Release|Any CPU = Release|Any CPU
	EndGlobalSection
	GlobalSection(ProjectConfigurationPlatforms) = postSolution
		{44632327-1AD4-431B-AFFF-F9AA4347DA89}.Debug|Any CPU.ActiveCfg = Debug|Any CPU
		{44632327-1AD4-431B-AFFF-F9AA4347DA89}.Debug|Any CPU.Build.0 = Debug|Any CPU
		{44632327-1AD4-431B-AFFF-F9AA4347DA89}.Release|Any CPU.ActiveCfg = Release|Any CPU
		{44632327-1AD4-431B-AFFF-F9AA4347DA89}.Release|Any CPU.Build.0 = Release|Any CPU
	EndGlobalSection
	GlobalSection(SolutionProperties) = preSolution
		HideSolutionNode = FALSE
	EndGlobalSection
	GlobalSection(ExtensibilityGlobals) = postSolution
		SolutionGuid = {77D0D93A-015F-4F3C-A74C-4F48B9003356}
	EndGlobalSection
EndGlobal
